
Microsoft Visual Studio Solution File, Format Version 12.00
# Visual Studio Version 17
VisualStudioVersion = 17.4.33205.214
MinimumVisualStudioVersion = 10.0.40219.1
Project("{8BC9CEB8-8B4A-11D0-8D11-00A0C91BC942}") = "tautology_checker", "tautology_checker.vcxproj", "{B761CBC0-2324-4D18-BDDE-BF61701B9790}"
EndProject
Global
	GlobalSection(SolutionConfigurationPlatforms) = preSolution
		Debug|x64 = Debug|x64
		Debug|x86 = Debug|x86
		Release|x64 = Release|x64
		Release|x86 = Release|x86
	EndGlobalSection
	GlobalSection(ProjectConfigurationPlatforms) = postSolution
		{B761CBC0-2324-4D18-BDDE-BF61701B9790}.Debug|x64.ActiveCfg = Debug|x64
		{B761CBC0-2324-4D18-BDDE-BF61701B9790}.Debug|x64.Build.0 = Debug|x64
		{B761CBC0-2324-4D18-BDDE-BF61701B9790}.Debug|x86.ActiveCfg = Debug|Win32
		{B761CBC0-2324-4D18-BDDE-BF61701B9790}.Debug|x86.Build.0 = Debug|Win32
		{B761CBC0-2324-4D18-BDDE-BF61701B9790}.Release|x64.ActiveCfg = Release|x64
		{B761CBC0-2324-4D18-BDDE-BF61701B9790}.Release|x64.Build.0 = Release|x64
		{B761CBC0-2324-4D18-BDDE-BF61701B9790}.Release|x86.ActiveCfg = Release|Win32
		{B761CBC0-2324-4D18-BDDE-BF61701B9790}.Release|x86.Build.0 = Release|Win32
	EndGlobalSection
	GlobalSection(SolutionProperties) = preSolution
		HideSolutionNode = FALSE
	EndGlobalSection
	GlobalSection(ExtensibilityGlobals) = postSolution
		SolutionGuid = {62C95BFA-1225-4E74-88F9-4C1BFEC8D076}
	EndGlobalSection
EndGlobal
